
Microsoft Visual Studio Solution File, Format Version 12.00
# Visual Studio Version 17
VisualStudioVersion = 17.7.34018.315
MinimumVisualStudioVersion = 10.0.40219.1
Project("{2150E333-8FDC-42A3-9474-1A3956D46DE8}") = "Services", "Services", "{0CCB2ACD-BFF6-48E9-965A-CB7FCA3E60DD}"
EndProject
Project("{2150E333-8FDC-42A3-9474-1A3956D46DE8}") = "Catalog", "Catalog", "{984EDF08-9EE8-4361-B596-00AD32A87014}"
EndProject
Project("{9A19103F-16F7-4668-BE54-9A1E7A4F7556}") = "Catalog.API", "Services\Catalog\Catalog.API\Catalog.API.csproj", "{1DE60B70-02F5-4C5A-8C44-769580A02914}"
EndProject
Project("{E53339B2-1760-4266-BCC7-CA923CBCF16C}") = "docker-compose", "docker-compose.dcproj", "{B0A3367A-7E2A-4DB1-86AF-E175BAFA0BCB}"
EndProject
Project("{2150E333-8FDC-42A3-9474-1A3956D46DE8}") = "Basket", "Basket", "{C2F014C9-897D-4BA1-9246-35DA3081A799}"
EndProject
Project("{9A19103F-16F7-4668-BE54-9A1E7A4F7556}") = "Basket.API", "Services\Basket\Basket.API\Basket.API.csproj", "{C089F6EB-25F0-48D3-8E8F-10BD8890D9C1}"
EndProject
Project("{2150E333-8FDC-42A3-9474-1A3956D46DE8}") = "Discount", "Discount", "{27284AC9-C0A6-4DF5-B10D-D11600F13F96}"
EndProject
Project("{9A19103F-16F7-4668-BE54-9A1E7A4F7556}") = "Discount.API", "Services\Discount\Discount.API\Discount.API.csproj", "{826C68EA-9891-4086-A391-4BE813A4061A}"
EndProject
Project("{9A19103F-16F7-4668-BE54-9A1E7A4F7556}") = "Discount.Grpc", "Services\Discount\Discount.Grpc\Discount.Grpc.csproj", "{57089D44-8EFE-49F1-99EE-78DBBBD71C40}"
EndProject
Project("{2150E333-8FDC-42A3-9474-1A3956D46DE8}") = "Ordering", "Ordering", "{32DE26B8-7358-4DFB-886B-96C8849470B2}"
EndProject
Project("{9A19103F-16F7-4668-BE54-9A1E7A4F7556}") = "Ordering.API", "Services\Ordering\Ordering.API\Ordering.API.csproj", "{0E2711A6-26CA-491C-B804-60BCA52CCE58}"
EndProject
Project("{9A19103F-16F7-4668-BE54-9A1E7A4F7556}") = "Ordering.Domain", "Services\Ordering\Ordering.Domain\Ordering.Domain.csproj", "{82031D50-AC79-4F24-B3CE-661C698123C8}"
EndProject
Project("{9A19103F-16F7-4668-BE54-9A1E7A4F7556}") = "Ordering.Application", "Services\Ordering\Ordering.Application\Ordering.Application.csproj", "{2AFC470C-4286-4D6F-8474-DF20B9FC55D7}"
EndProject
Project("{9A19103F-16F7-4668-BE54-9A1E7A4F7556}") = "Ordering.Infrastructure", "Services\Ordering\Ordering.Infrastructure\Ordering.Infrastructure.csproj", "{7B04B047-207A-4C35-9D1E-44200363D021}"
EndProject
Project("{2150E333-8FDC-42A3-9474-1A3956D46DE8}") = "BuildingBlocks", "BuildingBlocks", "{93F46DE1-6B61-42C5-9050-CD496FB81496}"
EndProject
Project("{FAE04EC0-301F-11D3-BF4B-00C04F79EFBC}") = "EventBus.Messages", "BuildingBlocks\EventBus.Messages\EventBus.Messages.csproj", "{FFE66B52-0A08-4BE7-AF5B-CB9995EA3D71}"
EndProject
Global
	GlobalSection(SolutionConfigurationPlatforms) = preSolution
		Debug|Any CPU = Debug|Any CPU
		Release|Any CPU = Release|Any CPU
	EndGlobalSection
	GlobalSection(ProjectConfigurationPlatforms) = postSolution
		{1DE60B70-02F5-4C5A-8C44-769580A02914}.Debug|Any CPU.ActiveCfg = Debug|Any CPU
		{1DE60B70-02F5-4C5A-8C44-769580A02914}.Debug|Any CPU.Build.0 = Debug|Any CPU
		{1DE60B70-02F5-4C5A-8C44-769580A02914}.Release|Any CPU.ActiveCfg = Release|Any CPU
		{1DE60B70-02F5-4C5A-8C44-769580A02914}.Release|Any CPU.Build.0 = Release|Any CPU
		{B0A3367A-7E2A-4DB1-86AF-E175BAFA0BCB}.Debug|Any CPU.ActiveCfg = Debug|Any CPU
		{B0A3367A-7E2A-4DB1-86AF-E175BAFA0BCB}.Debug|Any CPU.Build.0 = Debug|Any CPU
		{B0A3367A-7E2A-4DB1-86AF-E175BAFA0BCB}.Release|Any CPU.ActiveCfg = Release|Any CPU
		{B0A3367A-7E2A-4DB1-86AF-E175BAFA0BCB}.Release|Any CPU.Build.0 = Release|Any CPU
		{C089F6EB-25F0-48D3-8E8F-10BD8890D9C1}.Debug|Any CPU.ActiveCfg = Debug|Any CPU
		{C089F6EB-25F0-48D3-8E8F-10BD8890D9C1}.Debug|Any CPU.Build.0 = Debug|Any CPU
		{C089F6EB-25F0-48D3-8E8F-10BD8890D9C1}.Release|Any CPU.ActiveCfg = Release|Any CPU
		{C089F6EB-25F0-48D3-8E8F-10BD8890D9C1}.Release|Any CPU.Build.0 = Release|Any CPU
		{826C68EA-9891-4086-A391-4BE813A4061A}.Debug|Any CPU.ActiveCfg = Debug|Any CPU
		{826C68EA-9891-4086-A391-4BE813A4061A}.Debug|Any CPU.Build.0 = Debug|Any CPU
		{826C68EA-9891-4086-A391-4BE813A4061A}.Release|Any CPU.ActiveCfg = Release|Any CPU
		{826C68EA-9891-4086-A391-4BE813A4061A}.Release|Any CPU.Build.0 = Release|Any CPU
		{57089D44-8EFE-49F1-99EE-78DBBBD71C40}.Debug|Any CPU.ActiveCfg = Debug|Any CPU
		{57089D44-8EFE-49F1-99EE-78DBBBD71C40}.Debug|Any CPU.Build.0 = Debug|Any CPU
		{57089D44-8EFE-49F1-99EE-78DBBBD71C40}.Release|Any CPU.ActiveCfg = Release|Any CPU
		{57089D44-8EFE-49F1-99EE-78DBBBD71C40}.Release|Any CPU.Build.0 = Release|Any CPU
		{0E2711A6-26CA-491C-B804-60BCA52CCE58}.Debug|Any CPU.ActiveCfg = Debug|Any CPU
		{0E2711A6-26CA-491C-B804-60BCA52CCE58}.Debug|Any CPU.Build.0 = Debug|Any CPU
		{0E2711A6-26CA-491C-B804-60BCA52CCE58}.Release|Any CPU.ActiveCfg = Release|Any CPU
		{0E2711A6-26CA-491C-B804-60BCA52CCE58}.Release|Any CPU.Build.0 = Release|Any CPU
		{82031D50-AC79-4F24-B3CE-661C698123C8}.Debug|Any CPU.ActiveCfg = Debug|Any CPU
		{82031D50-AC79-4F24-B3CE-661C698123C8}.Debug|Any CPU.Build.0 = Debug|Any CPU
		{82031D50-AC79-4F24-B3CE-661C698123C8}.Release|Any CPU.ActiveCfg = Release|Any CPU
		{82031D50-AC79-4F24-B3CE-661C698123C8}.Release|Any CPU.Build.0 = Release|Any CPU
		{2AFC470C-4286-4D6F-8474-DF20B9FC55D7}.Debug|Any CPU.ActiveCfg = Debug|Any CPU
		{2AFC470C-4286-4D6F-8474-DF20B9FC55D7}.Debug|Any CPU.Build.0 = Debug|Any CPU
		{2AFC470C-4286-4D6F-8474-DF20B9FC55D7}.Release|Any CPU.ActiveCfg = Release|Any CPU
		{2AFC470C-4286-4D6F-8474-DF20B9FC55D7}.Release|Any CPU.Build.0 = Release|Any CPU
		{7B04B047-207A-4C35-9D1E-44200363D021}.Debug|Any CPU.ActiveCfg = Debug|Any CPU
		{7B04B047-207A-4C35-9D1E-44200363D021}.Debug|Any CPU.Build.0 = Debug|Any CPU
		{7B04B047-207A-4C35-9D1E-44200363D021}.Release|Any CPU.ActiveCfg = Release|Any CPU
		{7B04B047-207A-4C35-9D1E-44200363D021}.Release|Any CPU.Build.0 = Release|Any CPU
		{FFE66B52-0A08-4BE7-AF5B-CB9995EA3D71}.Debug|Any CPU.ActiveCfg = Debug|Any CPU
		{FFE66B52-0A08-4BE7-AF5B-CB9995EA3D71}.Debug|Any CPU.Build.0 = Debug|Any CPU
		{FFE66B52-0A08-4BE7-AF5B-CB9995EA3D71}.Release|Any CPU.ActiveCfg = Release|Any CPU
		{FFE66B52-0A08-4BE7-AF5B-CB9995EA3D71}.Release|Any CPU.Build.0 = Release|Any CPU
	EndGlobalSection
	GlobalSection(SolutionProperties) = preSolution
		HideSolutionNode = FALSE
	EndGlobalSection
	GlobalSection(NestedProjects) = preSolution
		{984EDF08-9EE8-4361-B596-00AD32A87014} = {0CCB2ACD-BFF6-48E9-965A-CB7FCA3E60DD}
		{1DE60B70-02F5-4C5A-8C44-769580A02914} = {984EDF08-9EE8-4361-B596-00AD32A87014}
		{C2F014C9-897D-4BA1-9246-35DA3081A799} = {0CCB2ACD-BFF6-48E9-965A-CB7FCA3E60DD}
		{C089F6EB-25F0-48D3-8E8F-10BD8890D9C1} = {C2F014C9-897D-4BA1-9246-35DA3081A799}
		{27284AC9-C0A6-4DF5-B10D-D11600F13F96} = {0CCB2ACD-BFF6-48E9-965A-CB7FCA3E60DD}
		{826C68EA-9891-4086-A391-4BE813A4061A} = {27284AC9-C0A6-4DF5-B10D-D11600F13F96}
		{57089D44-8EFE-49F1-99EE-78DBBBD71C40} = {27284AC9-C0A6-4DF5-B10D-D11600F13F96}
		{32DE26B8-7358-4DFB-886B-96C8849470B2} = {0CCB2ACD-BFF6-48E9-965A-CB7FCA3E60DD}
		{0E2711A6-26CA-491C-B804-60BCA52CCE58} = {32DE26B8-7358-4DFB-886B-96C8849470B2}
		{82031D50-AC79-4F24-B3CE-661C698123C8} = {32DE26B8-7358-4DFB-886B-96C8849470B2}
		{2AFC470C-4286-4D6F-8474-DF20B9FC55D7} = {32DE26B8-7358-4DFB-886B-96C8849470B2}
		{7B04B047-207A-4C35-9D1E-44200363D021} = {32DE26B8-7358-4DFB-886B-96C8849470B2}
		{FFE66B52-0A08-4BE7-AF5B-CB9995EA3D71} = {93F46DE1-6B61-42C5-9050-CD496FB81496}
	EndGlobalSection
	GlobalSection(ExtensibilityGlobals) = postSolution
		SolutionGuid = {19B5D166-E98A-46FA-A7BB-0EE09BA6D9AB}
	EndGlobalSection
EndGlobal
